
Microsoft Visual Studio Solution File, Format Version 12.00
# Visual Studio Version 16
VisualStudioVersion = 16.0.29318.209
MinimumVisualStudioVersion = 10.0.40219.1
Project("{FAE04EC0-301F-11D3-BF4B-00C04F79EFBC}") = "Zadaca1", "Zadaca1\Zadaca1.csproj", "{88D1DEC2-0809-44B5-9D7E-C35B2768F6C2}"
EndProject
Global
	GlobalSection(SolutionConfigurationPlatforms) = preSolution
		Debug|Any CPU = Debug|Any CPU
		Release|Any CPU = Release|Any CPU
	EndGlobalSection
	GlobalSection(ProjectConfigurationPlatforms) = postSolution
		{88D1DEC2-0809-44B5-9D7E-C35B2768F6C2}.Debug|Any CPU.ActiveCfg = Debug|Any CPU
		{88D1DEC2-0809-44B5-9D7E-C35B2768F6C2}.Debug|Any CPU.Build.0 = Debug|Any CPU
		{88D1DEC2-0809-44B5-9D7E-C35B2768F6C2}.Release|Any CPU.ActiveCfg = Release|Any CPU
		{88D1DEC2-0809-44B5-9D7E-C35B2768F6C2}.Release|Any CPU.Build.0 = Release|Any CPU
	EndGlobalSection
	GlobalSection(SolutionProperties) = preSolution
		HideSolutionNode = FALSE
	EndGlobalSection
	GlobalSection(ExtensibilityGlobals) = postSolution
		SolutionGuid = {3EC4423D-0885-4A86-A754-BF3239AC06A1}
	EndGlobalSection
EndGlobal
